
Microsoft Visual Studio Solution File, Format Version 12.00
# Visual Studio Version 16
VisualStudioVersion = 16.0.32802.440
MinimumVisualStudioVersion = 10.0.40219.1
Project("{F2A71F9B-5D33-465A-A702-920D77279786}") = "Etickets", "Etickets\Etickets.fsproj", "{561B520E-098E-4720-9C5C-F925B2A7B17A}"
EndProject
Global
	GlobalSection(SolutionConfigurationPlatforms) = preSolution
		Debug|Any CPU = Debug|Any CPU
		Release|Any CPU = Release|Any CPU
	EndGlobalSection
	GlobalSection(ProjectConfigurationPlatforms) = postSolution
		{561B520E-098E-4720-9C5C-F925B2A7B17A}.Debug|Any CPU.ActiveCfg = Debug|Any CPU
		{561B520E-098E-4720-9C5C-F925B2A7B17A}.Debug|Any CPU.Build.0 = Debug|Any CPU
		{561B520E-098E-4720-9C5C-F925B2A7B17A}.Release|Any CPU.ActiveCfg = Release|Any CPU
		{561B520E-098E-4720-9C5C-F925B2A7B17A}.Release|Any CPU.Build.0 = Release|Any CPU
	EndGlobalSection
	GlobalSection(SolutionProperties) = preSolution
		HideSolutionNode = FALSE
	EndGlobalSection
	GlobalSection(ExtensibilityGlobals) = postSolution
		SolutionGuid = {A0B42946-6838-4D6C-8D61-EB6533896F17}
	EndGlobalSection
EndGlobal
